{
    "name": "canvas-api-snippets",
    "version": "0.2.0",
    "lockfileVersion": 2,
    "requires": true,
    "packages": {
        "": {
            "name": "canvas-api-snippets",
            "version": "0.2.0",
            "engines": {
                "vscode": "^1.63.0"
            }
        }
    }
}
